{
  "name": "49ers-newtab",
  "version": "1.0.0",
  "lockfileVersion": 3,
  "requires": true,
  "packages": {
    "": {
      "name": "49ers-newtab",
      "version": "1.0.0",
      "devDependencies": {
        "jest": "^29.6.1",
        "playwright": "^1.36.0"
      }
    },
    "node_modules/jest": {
      "version": "29.6.1",
      "resolved": "https://registry.npmjs.org/jest/-/jest-29.6.1.tgz",
      "integrity": "sha512-Nirw5B4nn69rVUZtemCQhwxOBhm0nsp3hmtF4rzCeWD7BkjAXRIji7xWQfnTNbz9g0aVsBX6aZK3n+23LM6uDw==",
      "dev": true,
      "engines": {
        "node": "^14.15.0 || ^16.10.0 || >=18.0.0"
      }
    },
    "node_modules/playwright": {
      "version": "1.36.0",
      "resolved": "https://registry.npmjs.org/playwright/-/playwright-1.36.0.tgz",
      "integrity": "sha512-ODVOTp5WoRMxDJY3liMmC+wVNicc0cQB17gASvQ+zLBggVK9a2x3gdT5mbl7av+zomvtdirWOqqfD+O6qIrFgw==",
      "dev": true,
      "engines": {
        "node": ">=16"
      }
    }
  },
  "dependencies": {
    "jest": {
      "version": "29.6.1",
      "resolved": "https://registry.npmjs.org/jest/-/jest-29.6.1.tgz",
      "integrity": "sha512-Nirw5B4nn69rVUZtemCQhwxOBhm0nsp3hmtF4rzCeWD7BkjAXRIji7xWQfnTNbz9g0aVsBX6aZK3n+23LM6uDw==",
      "dev": true
    },
    "playwright": {
      "version": "1.36.0",
      "resolved": "https://registry.npmjs.org/playwright/-/playwright-1.36.0.tgz",
      "integrity": "sha512-ODVOTp5WoRMxDJY3liMmC+wVNicc0cQB17gASvQ+zLBggVK9a2x3gdT5mbl7av+zomvtdirWOqqfD+O6qIrFgw==",
      "dev": true
    }
  }
}
